
Microsoft Visual Studio Solution File, Format Version 12.00
# Visual Studio 15
VisualStudioVersion = 15.0.28307.902
MinimumVisualStudioVersion = 10.0.40219.1
Project("{FAE04EC0-301F-11D3-BF4B-00C04F79EFBC}") = "The_Relic", "The_Relic\The_Relic.csproj", "{4B79E122-C28E-4CBA-ADA3-46E548BC0520}"
EndProject
Global
	GlobalSection(SolutionConfigurationPlatforms) = preSolution
		Debug|Any CPU = Debug|Any CPU
		Release|Any CPU = Release|Any CPU
	EndGlobalSection
	GlobalSection(ProjectConfigurationPlatforms) = postSolution
		{4B79E122-C28E-4CBA-ADA3-46E548BC0520}.Debug|Any CPU.ActiveCfg = Debug|Any CPU
		{4B79E122-C28E-4CBA-ADA3-46E548BC0520}.Debug|Any CPU.Build.0 = Debug|Any CPU
		{4B79E122-C28E-4CBA-ADA3-46E548BC0520}.Release|Any CPU.ActiveCfg = Release|Any CPU
		{4B79E122-C28E-4CBA-ADA3-46E548BC0520}.Release|Any CPU.Build.0 = Release|Any CPU
	EndGlobalSection
	GlobalSection(SolutionProperties) = preSolution
		HideSolutionNode = FALSE
	EndGlobalSection
	GlobalSection(ExtensibilityGlobals) = postSolution
		SolutionGuid = {8F17C205-DBC9-4D70-9C57-0F62274EC576}
	EndGlobalSection
EndGlobal
